
Microsoft Visual Studio Solution File, Format Version 12.00
# Visual Studio Version 17
VisualStudioVersion = 17.8.34309.116
MinimumVisualStudioVersion = 10.0.40219.1
Project("{FAE04EC0-301F-11D3-BF4B-00C04F79EFBC}") = "ControllerWebAPI", "ControllerWebAPI\ControllerWebAPI.csproj", "{75F3AE80-1723-4E4B-9CC3-C7C27B5626B9}"
EndProject
Project("{FAE04EC0-301F-11D3-BF4B-00C04F79EFBC}") = "ControllerDomain", "ControllerDomain\ControllerDomain.csproj", "{318B478F-1995-46FD-A465-21B05B8DA0BC}"
EndProject
Global
	GlobalSection(SolutionConfigurationPlatforms) = preSolution
		Debug|Any CPU = Debug|Any CPU
		Release|Any CPU = Release|Any CPU
	EndGlobalSection
	GlobalSection(ProjectConfigurationPlatforms) = postSolution
		{75F3AE80-1723-4E4B-9CC3-C7C27B5626B9}.Debug|Any CPU.ActiveCfg = Debug|Any CPU
		{75F3AE80-1723-4E4B-9CC3-C7C27B5626B9}.Debug|Any CPU.Build.0 = Debug|Any CPU
		{75F3AE80-1723-4E4B-9CC3-C7C27B5626B9}.Release|Any CPU.ActiveCfg = Release|Any CPU
		{75F3AE80-1723-4E4B-9CC3-C7C27B5626B9}.Release|Any CPU.Build.0 = Release|Any CPU
		{318B478F-1995-46FD-A465-21B05B8DA0BC}.Debug|Any CPU.ActiveCfg = Debug|Any CPU
		{318B478F-1995-46FD-A465-21B05B8DA0BC}.Debug|Any CPU.Build.0 = Debug|Any CPU
		{318B478F-1995-46FD-A465-21B05B8DA0BC}.Release|Any CPU.ActiveCfg = Release|Any CPU
		{318B478F-1995-46FD-A465-21B05B8DA0BC}.Release|Any CPU.Build.0 = Release|Any CPU
	EndGlobalSection
	GlobalSection(SolutionProperties) = preSolution
		HideSolutionNode = FALSE
	EndGlobalSection
	GlobalSection(ExtensibilityGlobals) = postSolution
		SolutionGuid = {6099BA10-D705-40FD-BD3C-397E9BA4C8D3}
	EndGlobalSection
EndGlobal
